
Microsoft Visual Studio Solution File, Format Version 12.00
# Visual Studio 15
VisualStudioVersion = 15.0.26124.0
MinimumVisualStudioVersion = 15.0.26124.0
Project("{9A19103F-16F7-4668-BE54-9A1E7A4F7556}") = "Library.Entities", "Library.Entities\Library.Entities.csproj", "{EEC1F0EA-7337-4678-AC33-4AD13A8EE55D}"
EndProject
Project("{9A19103F-16F7-4668-BE54-9A1E7A4F7556}") = "Library.Api", "Library.Api\Library.Api.csproj", "{44C65AAA-C7C5-4216-B316-B4D14C54B89C}"
EndProject
Project("{9A19103F-16F7-4668-BE54-9A1E7A4F7556}") = "Library.Utilities", "Library.Utilities\Library.Utilities.csproj", "{86185C03-1F56-4B55-BDA4-DD864871E6DF}"
EndProject
Project("{9A19103F-16F7-4668-BE54-9A1E7A4F7556}") = "Library.Repositories", "Library.Repositories\Library.Repositories.csproj", "{A657F955-CAA1-434E-B0E9-E787D0B73295}"
EndProject
Project("{9A19103F-16F7-4668-BE54-9A1E7A4F7556}") = "Library.Services", "Library.Services\Library.Services.csproj", "{BB132CE2-4474-492D-BCAC-62C500D9B6E4}"
EndProject
Project("{9A19103F-16F7-4668-BE54-9A1E7A4F7556}") = "Library.Interfaces", "Library.Interfaces\Library.Interfaces.csproj", "{D7C41DBC-77AC-445F-9087-0CBCA18B0C46}"
EndProject
Project("{9A19103F-16F7-4668-BE54-9A1E7A4F7556}") = "Library.Models", "Library.Models\Library.Models.csproj", "{0305B332-38EE-454C-91BB-BA2F4455A6A7}"
EndProject
Project("{E24C65DC-7377-472B-9ABA-BC803B73C61A}") = "Library.Angular", "Library.Angular\", "{0DA494CD-5B3A-4E21-ADA5-BCBCFFC87A18}"
	ProjectSection(WebsiteProperties) = preProject
		TargetFrameworkMoniker = ".NETFramework,Version%3Dv4.0"
		Debug.AspNetCompiler.VirtualPath = "/localhost_50774"
		Debug.AspNetCompiler.PhysicalPath = "Library.Angular\"
		Debug.AspNetCompiler.TargetPath = "PrecompiledWeb\localhost_50774\"
		Debug.AspNetCompiler.Updateable = "true"
		Debug.AspNetCompiler.ForceOverwrite = "true"
		Debug.AspNetCompiler.FixedNames = "false"
		Debug.AspNetCompiler.Debug = "True"
		Release.AspNetCompiler.VirtualPath = "/localhost_50774"
		Release.AspNetCompiler.PhysicalPath = "Library.Angular\"
		Release.AspNetCompiler.TargetPath = "PrecompiledWeb\localhost_50774\"
		Release.AspNetCompiler.Updateable = "true"
		Release.AspNetCompiler.ForceOverwrite = "true"
		Release.AspNetCompiler.FixedNames = "false"
		Release.AspNetCompiler.Debug = "False"
		VWDPort = "50774"
		SlnRelativePath = "Library.Angular\"
	EndProjectSection
EndProject
Global
	GlobalSection(SolutionConfigurationPlatforms) = preSolution
		Debug|Any CPU = Debug|Any CPU
		Debug|x64 = Debug|x64
		Debug|x86 = Debug|x86
		Release|Any CPU = Release|Any CPU
		Release|x64 = Release|x64
		Release|x86 = Release|x86
	EndGlobalSection
	GlobalSection(ProjectConfigurationPlatforms) = postSolution
		{EEC1F0EA-7337-4678-AC33-4AD13A8EE55D}.Debug|Any CPU.ActiveCfg = Debug|Any CPU
		{EEC1F0EA-7337-4678-AC33-4AD13A8EE55D}.Debug|Any CPU.Build.0 = Debug|Any CPU
		{EEC1F0EA-7337-4678-AC33-4AD13A8EE55D}.Debug|x64.ActiveCfg = Debug|Any CPU
		{EEC1F0EA-7337-4678-AC33-4AD13A8EE55D}.Debug|x64.Build.0 = Debug|Any CPU
		{EEC1F0EA-7337-4678-AC33-4AD13A8EE55D}.Debug|x86.ActiveCfg = Debug|Any CPU
		{EEC1F0EA-7337-4678-AC33-4AD13A8EE55D}.Debug|x86.Build.0 = Debug|Any CPU
		{EEC1F0EA-7337-4678-AC33-4AD13A8EE55D}.Release|Any CPU.ActiveCfg = Release|Any CPU
		{EEC1F0EA-7337-4678-AC33-4AD13A8EE55D}.Release|Any CPU.Build.0 = Release|Any CPU
		{EEC1F0EA-7337-4678-AC33-4AD13A8EE55D}.Release|x64.ActiveCfg = Release|Any CPU
		{EEC1F0EA-7337-4678-AC33-4AD13A8EE55D}.Release|x64.Build.0 = Release|Any CPU
		{EEC1F0EA-7337-4678-AC33-4AD13A8EE55D}.Release|x86.ActiveCfg = Release|Any CPU
		{EEC1F0EA-7337-4678-AC33-4AD13A8EE55D}.Release|x86.Build.0 = Release|Any CPU
		{44C65AAA-C7C5-4216-B316-B4D14C54B89C}.Debug|Any CPU.ActiveCfg = Debug|Any CPU
		{44C65AAA-C7C5-4216-B316-B4D14C54B89C}.Debug|Any CPU.Build.0 = Debug|Any CPU
		{44C65AAA-C7C5-4216-B316-B4D14C54B89C}.Debug|x64.ActiveCfg = Debug|Any CPU
		{44C65AAA-C7C5-4216-B316-B4D14C54B89C}.Debug|x64.Build.0 = Debug|Any CPU
		{44C65AAA-C7C5-4216-B316-B4D14C54B89C}.Debug|x86.ActiveCfg = Debug|Any CPU
		{44C65AAA-C7C5-4216-B316-B4D14C54B89C}.Debug|x86.Build.0 = Debug|Any CPU
		{44C65AAA-C7C5-4216-B316-B4D14C54B89C}.Release|Any CPU.ActiveCfg = Release|Any CPU
		{44C65AAA-C7C5-4216-B316-B4D14C54B89C}.Release|Any CPU.Build.0 = Release|Any CPU
		{44C65AAA-C7C5-4216-B316-B4D14C54B89C}.Release|x64.ActiveCfg = Release|Any CPU
		{44C65AAA-C7C5-4216-B316-B4D14C54B89C}.Release|x64.Build.0 = Release|Any CPU
		{44C65AAA-C7C5-4216-B316-B4D14C54B89C}.Release|x86.ActiveCfg = Release|Any CPU
		{44C65AAA-C7C5-4216-B316-B4D14C54B89C}.Release|x86.Build.0 = Release|Any CPU
		{86185C03-1F56-4B55-BDA4-DD864871E6DF}.Debug|Any CPU.ActiveCfg = Debug|Any CPU
		{86185C03-1F56-4B55-BDA4-DD864871E6DF}.Debug|Any CPU.Build.0 = Debug|Any CPU
		{86185C03-1F56-4B55-BDA4-DD864871E6DF}.Debug|x64.ActiveCfg = Debug|Any CPU
		{86185C03-1F56-4B55-BDA4-DD864871E6DF}.Debug|x64.Build.0 = Debug|Any CPU
		{86185C03-1F56-4B55-BDA4-DD864871E6DF}.Debug|x86.ActiveCfg = Debug|Any CPU
		{86185C03-1F56-4B55-BDA4-DD864871E6DF}.Debug|x86.Build.0 = Debug|Any CPU
		{86185C03-1F56-4B55-BDA4-DD864871E6DF}.Release|Any CPU.ActiveCfg = Release|Any CPU
		{86185C03-1F56-4B55-BDA4-DD864871E6DF}.Release|Any CPU.Build.0 = Release|Any CPU
		{86185C03-1F56-4B55-BDA4-DD864871E6DF}.Release|x64.ActiveCfg = Release|Any CPU
		{86185C03-1F56-4B55-BDA4-DD864871E6DF}.Release|x64.Build.0 = Release|Any CPU
		{86185C03-1F56-4B55-BDA4-DD864871E6DF}.Release|x86.ActiveCfg = Release|Any CPU
		{86185C03-1F56-4B55-BDA4-DD864871E6DF}.Release|x86.Build.0 = Release|Any CPU
		{A657F955-CAA1-434E-B0E9-E787D0B73295}.Debug|Any CPU.ActiveCfg = Debug|Any CPU
		{A657F955-CAA1-434E-B0E9-E787D0B73295}.Debug|Any CPU.Build.0 = Debug|Any CPU
		{A657F955-CAA1-434E-B0E9-E787D0B73295}.Debug|x64.ActiveCfg = Debug|Any CPU
		{A657F955-CAA1-434E-B0E9-E787D0B73295}.Debug|x64.Build.0 = Debug|Any CPU
		{A657F955-CAA1-434E-B0E9-E787D0B73295}.Debug|x86.ActiveCfg = Debug|Any CPU
		{A657F955-CAA1-434E-B0E9-E787D0B73295}.Debug|x86.Build.0 = Debug|Any CPU
		{A657F955-CAA1-434E-B0E9-E787D0B73295}.Release|Any CPU.ActiveCfg = Release|Any CPU
		{A657F955-CAA1-434E-B0E9-E787D0B73295}.Release|Any CPU.Build.0 = Release|Any CPU
		{A657F955-CAA1-434E-B0E9-E787D0B73295}.Release|x64.ActiveCfg = Release|Any CPU
		{A657F955-CAA1-434E-B0E9-E787D0B73295}.Release|x64.Build.0 = Release|Any CPU
		{A657F955-CAA1-434E-B0E9-E787D0B73295}.Release|x86.ActiveCfg = Release|Any CPU
		{A657F955-CAA1-434E-B0E9-E787D0B73295}.Release|x86.Build.0 = Release|Any CPU
		{BB132CE2-4474-492D-BCAC-62C500D9B6E4}.Debug|Any CPU.ActiveCfg = Debug|Any CPU
		{BB132CE2-4474-492D-BCAC-62C500D9B6E4}.Debug|Any CPU.Build.0 = Debug|Any CPU
		{BB132CE2-4474-492D-BCAC-62C500D9B6E4}.Debug|x64.ActiveCfg = Debug|Any CPU
		{BB132CE2-4474-492D-BCAC-62C500D9B6E4}.Debug|x64.Build.0 = Debug|Any CPU
		{BB132CE2-4474-492D-BCAC-62C500D9B6E4}.Debug|x86.ActiveCfg = Debug|Any CPU
		{BB132CE2-4474-492D-BCAC-62C500D9B6E4}.Debug|x86.Build.0 = Debug|Any CPU
		{BB132CE2-4474-492D-BCAC-62C500D9B6E4}.Release|Any CPU.ActiveCfg = Release|Any CPU
		{BB132CE2-4474-492D-BCAC-62C500D9B6E4}.Release|Any CPU.Build.0 = Release|Any CPU
		{BB132CE2-4474-492D-BCAC-62C500D9B6E4}.Release|x64.ActiveCfg = Release|Any CPU
		{BB132CE2-4474-492D-BCAC-62C500D9B6E4}.Release|x64.Build.0 = Release|Any CPU
		{BB132CE2-4474-492D-BCAC-62C500D9B6E4}.Release|x86.ActiveCfg = Release|Any CPU
		{BB132CE2-4474-492D-BCAC-62C500D9B6E4}.Release|x86.Build.0 = Release|Any CPU
		{D7C41DBC-77AC-445F-9087-0CBCA18B0C46}.Debug|Any CPU.ActiveCfg = Debug|Any CPU
		{D7C41DBC-77AC-445F-9087-0CBCA18B0C46}.Debug|Any CPU.Build.0 = Debug|Any CPU
		{D7C41DBC-77AC-445F-9087-0CBCA18B0C46}.Debug|x64.ActiveCfg = Debug|Any CPU
		{D7C41DBC-77AC-445F-9087-0CBCA18B0C46}.Debug|x64.Build.0 = Debug|Any CPU
		{D7C41DBC-77AC-445F-9087-0CBCA18B0C46}.Debug|x86.ActiveCfg = Debug|Any CPU
		{D7C41DBC-77AC-445F-9087-0CBCA18B0C46}.Debug|x86.Build.0 = Debug|Any CPU
		{D7C41DBC-77AC-445F-9087-0CBCA18B0C46}.Release|Any CPU.ActiveCfg = Release|Any CPU
		{D7C41DBC-77AC-445F-9087-0CBCA18B0C46}.Release|Any CPU.Build.0 = Release|Any CPU
		{D7C41DBC-77AC-445F-9087-0CBCA18B0C46}.Release|x64.ActiveCfg = Release|Any CPU
		{D7C41DBC-77AC-445F-9087-0CBCA18B0C46}.Release|x64.Build.0 = Release|Any CPU
		{D7C41DBC-77AC-445F-9087-0CBCA18B0C46}.Release|x86.ActiveCfg = Release|Any CPU
		{D7C41DBC-77AC-445F-9087-0CBCA18B0C46}.Release|x86.Build.0 = Release|Any CPU
		{0305B332-38EE-454C-91BB-BA2F4455A6A7}.Debug|Any CPU.ActiveCfg = Debug|Any CPU
		{0305B332-38EE-454C-91BB-BA2F4455A6A7}.Debug|Any CPU.Build.0 = Debug|Any CPU
		{0305B332-38EE-454C-91BB-BA2F4455A6A7}.Debug|x64.ActiveCfg = Debug|Any CPU
		{0305B332-38EE-454C-91BB-BA2F4455A6A7}.Debug|x64.Build.0 = Debug|Any CPU
		{0305B332-38EE-454C-91BB-BA2F4455A6A7}.Debug|x86.ActiveCfg = Debug|Any CPU
		{0305B332-38EE-454C-91BB-BA2F4455A6A7}.Debug|x86.Build.0 = Debug|Any CPU
		{0305B332-38EE-454C-91BB-BA2F4455A6A7}.Release|Any CPU.ActiveCfg = Release|Any CPU
		{0305B332-38EE-454C-91BB-BA2F4455A6A7}.Release|Any CPU.Build.0 = Release|Any CPU
		{0305B332-38EE-454C-91BB-BA2F4455A6A7}.Release|x64.ActiveCfg = Release|Any CPU
		{0305B332-38EE-454C-91BB-BA2F4455A6A7}.Release|x64.Build.0 = Release|Any CPU
		{0305B332-38EE-454C-91BB-BA2F4455A6A7}.Release|x86.ActiveCfg = Release|Any CPU
		{0305B332-38EE-454C-91BB-BA2F4455A6A7}.Release|x86.Build.0 = Release|Any CPU
		{0DA494CD-5B3A-4E21-ADA5-BCBCFFC87A18}.Debug|Any CPU.ActiveCfg = Debug|Any CPU
		{0DA494CD-5B3A-4E21-ADA5-BCBCFFC87A18}.Debug|Any CPU.Build.0 = Debug|Any CPU
		{0DA494CD-5B3A-4E21-ADA5-BCBCFFC87A18}.Debug|x64.ActiveCfg = Debug|Any CPU
		{0DA494CD-5B3A-4E21-ADA5-BCBCFFC87A18}.Debug|x64.Build.0 = Debug|Any CPU
		{0DA494CD-5B3A-4E21-ADA5-BCBCFFC87A18}.Debug|x86.ActiveCfg = Debug|Any CPU
		{0DA494CD-5B3A-4E21-ADA5-BCBCFFC87A18}.Debug|x86.Build.0 = Debug|Any CPU
		{0DA494CD-5B3A-4E21-ADA5-BCBCFFC87A18}.Release|Any CPU.ActiveCfg = Debug|Any CPU
		{0DA494CD-5B3A-4E21-ADA5-BCBCFFC87A18}.Release|Any CPU.Build.0 = Debug|Any CPU
		{0DA494CD-5B3A-4E21-ADA5-BCBCFFC87A18}.Release|x64.ActiveCfg = Debug|Any CPU
		{0DA494CD-5B3A-4E21-ADA5-BCBCFFC87A18}.Release|x64.Build.0 = Debug|Any CPU
		{0DA494CD-5B3A-4E21-ADA5-BCBCFFC87A18}.Release|x86.ActiveCfg = Debug|Any CPU
		{0DA494CD-5B3A-4E21-ADA5-BCBCFFC87A18}.Release|x86.Build.0 = Debug|Any CPU
	EndGlobalSection
	GlobalSection(SolutionProperties) = preSolution
		HideSolutionNode = FALSE
	EndGlobalSection
	GlobalSection(ExtensibilityGlobals) = postSolution
		SolutionGuid = {26FAEAA3-67C4-43D6-B31B-97BF8369D623}
	EndGlobalSection
EndGlobal
